
Microsoft Visual Studio Solution File, Format Version 12.00
# Visual Studio Version 17
VisualStudioVersion = 17.11.35312.102
MinimumVisualStudioVersion = 10.0.40219.1
Project("{9A19103F-16F7-4668-BE54-9A1E7A4F7556}") = "AzureFunctionAppSample", "AzureFunctionAppSample\AzureFunctionAppSample.csproj", "{98DEC4B0-37D3-41EA-B055-2AB4684C752F}"
EndProject
Project("{FAE04EC0-301F-11D3-BF4B-00C04F79EFBC}") = "AzureFunctionAppSample.AppHost", "AzureFunctionAppSample.AppHost\AzureFunctionAppSample.AppHost.csproj", "{BCDD6952-D5E4-493C-B400-924C401AE31F}"
EndProject
Project("{9A19103F-16F7-4668-BE54-9A1E7A4F7556}") = "AzureFunctionAppSample.ServiceDefaults", "AzureFunctionAppSample.ServiceDefaults\AzureFunctionAppSample.ServiceDefaults.csproj", "{0ABB76A3-6EAF-4DD4-92FB-07687B2A41FC}"
EndProject
Global
	GlobalSection(SolutionConfigurationPlatforms) = preSolution
		Debug|Any CPU = Debug|Any CPU
		Release|Any CPU = Release|Any CPU
	EndGlobalSection
	GlobalSection(ProjectConfigurationPlatforms) = postSolution
		{98DEC4B0-37D3-41EA-B055-2AB4684C752F}.Debug|Any CPU.ActiveCfg = Debug|Any CPU
		{98DEC4B0-37D3-41EA-B055-2AB4684C752F}.Debug|Any CPU.Build.0 = Debug|Any CPU
		{98DEC4B0-37D3-41EA-B055-2AB4684C752F}.Release|Any CPU.ActiveCfg = Release|Any CPU
		{98DEC4B0-37D3-41EA-B055-2AB4684C752F}.Release|Any CPU.Build.0 = Release|Any CPU
		{BCDD6952-D5E4-493C-B400-924C401AE31F}.Debug|Any CPU.ActiveCfg = Debug|Any CPU
		{BCDD6952-D5E4-493C-B400-924C401AE31F}.Debug|Any CPU.Build.0 = Debug|Any CPU
		{BCDD6952-D5E4-493C-B400-924C401AE31F}.Release|Any CPU.ActiveCfg = Release|Any CPU
		{BCDD6952-D5E4-493C-B400-924C401AE31F}.Release|Any CPU.Build.0 = Release|Any CPU
		{0ABB76A3-6EAF-4DD4-92FB-07687B2A41FC}.Debug|Any CPU.ActiveCfg = Debug|Any CPU
		{0ABB76A3-6EAF-4DD4-92FB-07687B2A41FC}.Debug|Any CPU.Build.0 = Debug|Any CPU
		{0ABB76A3-6EAF-4DD4-92FB-07687B2A41FC}.Release|Any CPU.ActiveCfg = Release|Any CPU
		{0ABB76A3-6EAF-4DD4-92FB-07687B2A41FC}.Release|Any CPU.Build.0 = Release|Any CPU
	EndGlobalSection
	GlobalSection(SolutionProperties) = preSolution
		HideSolutionNode = FALSE
	EndGlobalSection
	GlobalSection(ExtensibilityGlobals) = postSolution
		SolutionGuid = {B3970F1A-A9FB-4438-967D-5CA25DF6275F}
	EndGlobalSection
EndGlobal
